
Microsoft Visual Studio Solution File, Format Version 12.00
# Visual Studio Version 17
VisualStudioVersion = 17.0.31912.275
MinimumVisualStudioVersion = 10.0.40219.1
Project("{9A19103F-16F7-4668-BE54-9A1E7A4F7556}") = "HBK.Storage.Api", "HBK.Storage.Api\HBK.Storage.Api.csproj", "{DD0152A6-4891-4C34-832D-6926E3DDF395}"
EndProject
Project("{9A19103F-16F7-4668-BE54-9A1E7A4F7556}") = "HBK.Storage.Core", "HBK.Storage.Core\HBK.Storage.Core.csproj", "{4CE32FEC-3E9D-4B46-95D2-35764CA49C6F}"
EndProject
Project("{9A19103F-16F7-4668-BE54-9A1E7A4F7556}") = "HBK.Storage.Adapter", "HBK.Storage.Adapter\HBK.Storage.Adapter.csproj", "{8B9868C9-FAFA-4842-B23B-D354F37E977F}"
EndProject
Project("{2150E333-8FDC-42A3-9474-1A3956D46DE8}") = "Entry", "Entry", "{E9BD9A05-3A21-4F58-B53E-79058EB0D3E1}"
EndProject
Project("{9A19103F-16F7-4668-BE54-9A1E7A4F7556}") = "HBK.Storage.Sync", "HBK.Storage.Sync\HBK.Storage.Sync.csproj", "{6B650277-B330-4FEF-B956-765698ABE8B3}"
EndProject
Project("{9A19103F-16F7-4668-BE54-9A1E7A4F7556}") = "HBK.Storage.PluginCore", "HBK.Storage.PluginCore\HBK.Storage.PluginCore.csproj", "{7C6C5670-A988-45C6-92BE-D45353A032A5}"
EndProject
Project("{2150E333-8FDC-42A3-9474-1A3956D46DE8}") = "Plugins", "Plugins", "{3AF09C2D-A4A1-4AC7-8556-AD012F094A75}"
EndProject
Project("{9A19103F-16F7-4668-BE54-9A1E7A4F7556}") = "HBK.Storage.ImageCompressPlugin", "HBK.Storage.ImageCompressPlugin\HBK.Storage.ImageCompressPlugin.csproj", "{04845103-2C9D-48DD-9D87-09694F0DA0D9}"
EndProject
Project("{9A19103F-16F7-4668-BE54-9A1E7A4F7556}") = "HBK.Storage.VideoSubTitleCombinePlugin", "HBK.Storage.VideoSubTitleCombinePlugin\HBK.Storage.VideoSubTitleCombinePlugin.csproj", "{73F2B743-FCDC-49FC-A87F-F44430098333}"
EndProject
Project("{FAE04EC0-301F-11D3-BF4B-00C04F79EFBC}") = "MediaToolkit", "MediaToolkit\MediaToolkit.csproj", "{124AB335-EEAC-416F-B06B-80AD3CF56E38}"
EndProject
Project("{9A19103F-16F7-4668-BE54-9A1E7A4F7556}") = "HBK.Storage.Utils", "HBK.Storage.Utils\HBK.Storage.Utils.csproj", "{AD0BC559-E802-47CF-824F-C1E86100340A}"
EndProject
Project("{9A19103F-16F7-4668-BE54-9A1E7A4F7556}") = "HBK.Storage.VideoConvertM3U8Plugin", "HBK.Storage.VideoConvertM3U8Plugin\HBK.Storage.VideoConvertM3U8Plugin.csproj", "{AD6A2681-1AF2-4927-87C7-61250138D6A9}"
EndProject
Project("{9A19103F-16F7-4668-BE54-9A1E7A4F7556}") = "HBK.Storage.VideoMetadataPlugin", "HBK.Storage.VideoMetadataPlugin\HBK.Storage.VideoMetadataPlugin.csproj", "{AF0FEA87-EE22-4583-812A-BDC0064515DA}"
EndProject
Project("{9A19103F-16F7-4668-BE54-9A1E7A4F7556}") = "HBK.Storage.PluginIntegration", "HBK.Storage.PluginIntegration\HBK.Storage.PluginIntegration.csproj", "{C4AA18D8-C669-40AE-97DA-9916FAFD4C2B}"
EndProject
Project("{9A19103F-16F7-4668-BE54-9A1E7A4F7556}") = "HBK.Storage.VideoSeekPreviewPlugin", "HBK.Storage.VideoSeekPreviewPlugin\HBK.Storage.VideoSeekPreviewPlugin.csproj", "{0C5C66E5-3702-4982-9238-C3D6B9515105}"
EndProject
Project("{2150E333-8FDC-42A3-9474-1A3956D46DE8}") = "Build", "Build", "{F9B2CA6C-6F72-4622-B84C-702941D07790}"
	ProjectSection(SolutionItems) = preProject
		docker-compose-dev.yml = docker-compose-dev.yml
		docker-compose.yml = docker-compose.yml
		Dockerfile_Api = Dockerfile_Api
		Dockerfile_Dashboard = Dockerfile_Dashboard
		Dockerfile_DB = Dockerfile_DB
		Dockerfile_ImageCompressPlugin = Dockerfile_ImageCompressPlugin
		Dockerfile_Sync = Dockerfile_Sync
		entrypoint_web.sh = entrypoint_web.sh
		mssql2019_initialization.sql = mssql2019_initialization.sql
		nginx.conf = nginx.conf
	EndProjectSection
EndProject
Project("{9A19103F-16F7-4668-BE54-9A1E7A4F7556}") = "MegaApiClient", "MegaApiClient\MegaApiClient.csproj", "{DE738EC5-5DC1-4262-B64C-25124425BDB2}"
EndProject
Project("{2150E333-8FDC-42A3-9474-1A3956D46DE8}") = "Library", "Library", "{C31C26B5-17A6-4776-BEB9-9C3254EC313F}"
EndProject
Project("{2150E333-8FDC-42A3-9474-1A3956D46DE8}") = "Docs", "Docs", "{02BFC0E9-C3F0-4B57-864B-E0666BDC0F9C}"
	ProjectSection(SolutionItems) = preProject
		Docs\API Key.md = Docs\API Key.md
		Docs\Crypto.md = Docs\Crypto.md
		Docs\Donwload Indicate.md = Docs\Donwload Indicate.md
		Docs\External Download File Endpoint.md = Docs\External Download File Endpoint.md
		Docs\File Access Token.md = Docs\File Access Token.md
		Docs\Install Document(Windows).md = Docs\Install Document(Windows).md
		Docs\Policy Rule.md = Docs\Policy Rule.md
		README.md = README.md
		Docs\Situational Presentation.md = Docs\Situational Presentation.md
		Docs\Storage Credential.md = Docs\Storage Credential.md
	EndProjectSection
EndProject
Project("{2150E333-8FDC-42A3-9474-1A3956D46DE8}") = "Solution Items", "Solution Items", "{75823341-B904-4828-A4DF-5D2AD6024AFD}"
	ProjectSection(SolutionItems) = preProject
		.editorconfig = .editorconfig
	EndProjectSection
EndProject
Project("{9A19103F-16F7-4668-BE54-9A1E7A4F7556}") = "HBK.Storage.Dashboard", "HBK.Storage.Dashboard\HBK.Storage.Dashboard.csproj", "{2ED9583A-6C8B-4A78-8274-D563607701EB}"
EndProject
Global
	GlobalSection(SolutionConfigurationPlatforms) = preSolution
		Debug|Any CPU = Debug|Any CPU
		DebugToConsole|Any CPU = DebugToConsole|Any CPU
		Release|Any CPU = Release|Any CPU
	EndGlobalSection
	GlobalSection(ProjectConfigurationPlatforms) = postSolution
		{DD0152A6-4891-4C34-832D-6926E3DDF395}.Debug|Any CPU.ActiveCfg = Debug|Any CPU
		{DD0152A6-4891-4C34-832D-6926E3DDF395}.Debug|Any CPU.Build.0 = Debug|Any CPU
		{DD0152A6-4891-4C34-832D-6926E3DDF395}.DebugToConsole|Any CPU.ActiveCfg = Debug|Any CPU
		{DD0152A6-4891-4C34-832D-6926E3DDF395}.DebugToConsole|Any CPU.Build.0 = Debug|Any CPU
		{DD0152A6-4891-4C34-832D-6926E3DDF395}.Release|Any CPU.ActiveCfg = Release|Any CPU
		{DD0152A6-4891-4C34-832D-6926E3DDF395}.Release|Any CPU.Build.0 = Release|Any CPU
		{4CE32FEC-3E9D-4B46-95D2-35764CA49C6F}.Debug|Any CPU.ActiveCfg = Debug|Any CPU
		{4CE32FEC-3E9D-4B46-95D2-35764CA49C6F}.Debug|Any CPU.Build.0 = Debug|Any CPU
		{4CE32FEC-3E9D-4B46-95D2-35764CA49C6F}.DebugToConsole|Any CPU.ActiveCfg = Debug|Any CPU
		{4CE32FEC-3E9D-4B46-95D2-35764CA49C6F}.DebugToConsole|Any CPU.Build.0 = Debug|Any CPU
		{4CE32FEC-3E9D-4B46-95D2-35764CA49C6F}.Release|Any CPU.ActiveCfg = Release|Any CPU
		{4CE32FEC-3E9D-4B46-95D2-35764CA49C6F}.Release|Any CPU.Build.0 = Release|Any CPU
		{8B9868C9-FAFA-4842-B23B-D354F37E977F}.Debug|Any CPU.ActiveCfg = Debug|Any CPU
		{8B9868C9-FAFA-4842-B23B-D354F37E977F}.Debug|Any CPU.Build.0 = Debug|Any CPU
		{8B9868C9-FAFA-4842-B23B-D354F37E977F}.DebugToConsole|Any CPU.ActiveCfg = Debug|Any CPU
		{8B9868C9-FAFA-4842-B23B-D354F37E977F}.DebugToConsole|Any CPU.Build.0 = Debug|Any CPU
		{8B9868C9-FAFA-4842-B23B-D354F37E977F}.Release|Any CPU.ActiveCfg = Release|Any CPU
		{8B9868C9-FAFA-4842-B23B-D354F37E977F}.Release|Any CPU.Build.0 = Release|Any CPU
		{6B650277-B330-4FEF-B956-765698ABE8B3}.Debug|Any CPU.ActiveCfg = Debug|Any CPU
		{6B650277-B330-4FEF-B956-765698ABE8B3}.Debug|Any CPU.Build.0 = Debug|Any CPU
		{6B650277-B330-4FEF-B956-765698ABE8B3}.DebugToConsole|Any CPU.ActiveCfg = Debug|Any CPU
		{6B650277-B330-4FEF-B956-765698ABE8B3}.DebugToConsole|Any CPU.Build.0 = Debug|Any CPU
		{6B650277-B330-4FEF-B956-765698ABE8B3}.Release|Any CPU.ActiveCfg = Release|Any CPU
		{6B650277-B330-4FEF-B956-765698ABE8B3}.Release|Any CPU.Build.0 = Release|Any CPU
		{7C6C5670-A988-45C6-92BE-D45353A032A5}.Debug|Any CPU.ActiveCfg = Debug|Any CPU
		{7C6C5670-A988-45C6-92BE-D45353A032A5}.Debug|Any CPU.Build.0 = Debug|Any CPU
		{7C6C5670-A988-45C6-92BE-D45353A032A5}.DebugToConsole|Any CPU.ActiveCfg = Debug|Any CPU
		{7C6C5670-A988-45C6-92BE-D45353A032A5}.DebugToConsole|Any CPU.Build.0 = Debug|Any CPU
		{7C6C5670-A988-45C6-92BE-D45353A032A5}.Release|Any CPU.ActiveCfg = Release|Any CPU
		{7C6C5670-A988-45C6-92BE-D45353A032A5}.Release|Any CPU.Build.0 = Release|Any CPU
		{04845103-2C9D-48DD-9D87-09694F0DA0D9}.Debug|Any CPU.ActiveCfg = Debug|Any CPU
		{04845103-2C9D-48DD-9D87-09694F0DA0D9}.Debug|Any CPU.Build.0 = Debug|Any CPU
		{04845103-2C9D-48DD-9D87-09694F0DA0D9}.DebugToConsole|Any CPU.ActiveCfg = Debug|Any CPU
		{04845103-2C9D-48DD-9D87-09694F0DA0D9}.DebugToConsole|Any CPU.Build.0 = Debug|Any CPU
		{04845103-2C9D-48DD-9D87-09694F0DA0D9}.Release|Any CPU.ActiveCfg = Release|Any CPU
		{04845103-2C9D-48DD-9D87-09694F0DA0D9}.Release|Any CPU.Build.0 = Release|Any CPU
		{73F2B743-FCDC-49FC-A87F-F44430098333}.Debug|Any CPU.ActiveCfg = Debug|Any CPU
		{73F2B743-FCDC-49FC-A87F-F44430098333}.Debug|Any CPU.Build.0 = Debug|Any CPU
		{73F2B743-FCDC-49FC-A87F-F44430098333}.DebugToConsole|Any CPU.ActiveCfg = Debug|Any CPU
		{73F2B743-FCDC-49FC-A87F-F44430098333}.DebugToConsole|Any CPU.Build.0 = Debug|Any CPU
		{73F2B743-FCDC-49FC-A87F-F44430098333}.Release|Any CPU.ActiveCfg = Release|Any CPU
		{73F2B743-FCDC-49FC-A87F-F44430098333}.Release|Any CPU.Build.0 = Release|Any CPU
		{124AB335-EEAC-416F-B06B-80AD3CF56E38}.Debug|Any CPU.ActiveCfg = Debug|Any CPU
		{124AB335-EEAC-416F-B06B-80AD3CF56E38}.Debug|Any CPU.Build.0 = Debug|Any CPU
		{124AB335-EEAC-416F-B06B-80AD3CF56E38}.DebugToConsole|Any CPU.ActiveCfg = DebugToConsole|Any CPU
		{124AB335-EEAC-416F-B06B-80AD3CF56E38}.DebugToConsole|Any CPU.Build.0 = DebugToConsole|Any CPU
		{124AB335-EEAC-416F-B06B-80AD3CF56E38}.Release|Any CPU.ActiveCfg = Release|Any CPU
		{124AB335-EEAC-416F-B06B-80AD3CF56E38}.Release|Any CPU.Build.0 = Release|Any CPU
		{AD0BC559-E802-47CF-824F-C1E86100340A}.Debug|Any CPU.ActiveCfg = Debug|Any CPU
		{AD0BC559-E802-47CF-824F-C1E86100340A}.Debug|Any CPU.Build.0 = Debug|Any CPU
		{AD0BC559-E802-47CF-824F-C1E86100340A}.DebugToConsole|Any CPU.ActiveCfg = Debug|Any CPU
		{AD0BC559-E802-47CF-824F-C1E86100340A}.DebugToConsole|Any CPU.Build.0 = Debug|Any CPU
		{AD0BC559-E802-47CF-824F-C1E86100340A}.Release|Any CPU.ActiveCfg = Release|Any CPU
		{AD0BC559-E802-47CF-824F-C1E86100340A}.Release|Any CPU.Build.0 = Release|Any CPU
		{AD6A2681-1AF2-4927-87C7-61250138D6A9}.Debug|Any CPU.ActiveCfg = Debug|Any CPU
		{AD6A2681-1AF2-4927-87C7-61250138D6A9}.Debug|Any CPU.Build.0 = Debug|Any CPU
		{AD6A2681-1AF2-4927-87C7-61250138D6A9}.DebugToConsole|Any CPU.ActiveCfg = Debug|Any CPU
		{AD6A2681-1AF2-4927-87C7-61250138D6A9}.DebugToConsole|Any CPU.Build.0 = Debug|Any CPU
		{AD6A2681-1AF2-4927-87C7-61250138D6A9}.Release|Any CPU.ActiveCfg = Release|Any CPU
		{AD6A2681-1AF2-4927-87C7-61250138D6A9}.Release|Any CPU.Build.0 = Release|Any CPU
		{AF0FEA87-EE22-4583-812A-BDC0064515DA}.Debug|Any CPU.ActiveCfg = Debug|Any CPU
		{AF0FEA87-EE22-4583-812A-BDC0064515DA}.Debug|Any CPU.Build.0 = Debug|Any CPU
		{AF0FEA87-EE22-4583-812A-BDC0064515DA}.DebugToConsole|Any CPU.ActiveCfg = Debug|Any CPU
		{AF0FEA87-EE22-4583-812A-BDC0064515DA}.DebugToConsole|Any CPU.Build.0 = Debug|Any CPU
		{AF0FEA87-EE22-4583-812A-BDC0064515DA}.Release|Any CPU.ActiveCfg = Release|Any CPU
		{AF0FEA87-EE22-4583-812A-BDC0064515DA}.Release|Any CPU.Build.0 = Release|Any CPU
		{C4AA18D8-C669-40AE-97DA-9916FAFD4C2B}.Debug|Any CPU.ActiveCfg = Debug|Any CPU
		{C4AA18D8-C669-40AE-97DA-9916FAFD4C2B}.Debug|Any CPU.Build.0 = Debug|Any CPU
		{C4AA18D8-C669-40AE-97DA-9916FAFD4C2B}.DebugToConsole|Any CPU.ActiveCfg = Debug|Any CPU
		{C4AA18D8-C669-40AE-97DA-9916FAFD4C2B}.DebugToConsole|Any CPU.Build.0 = Debug|Any CPU
		{C4AA18D8-C669-40AE-97DA-9916FAFD4C2B}.Release|Any CPU.ActiveCfg = Release|Any CPU
		{C4AA18D8-C669-40AE-97DA-9916FAFD4C2B}.Release|Any CPU.Build.0 = Release|Any CPU
		{0C5C66E5-3702-4982-9238-C3D6B9515105}.Debug|Any CPU.ActiveCfg = Debug|Any CPU
		{0C5C66E5-3702-4982-9238-C3D6B9515105}.Debug|Any CPU.Build.0 = Debug|Any CPU
		{0C5C66E5-3702-4982-9238-C3D6B9515105}.DebugToConsole|Any CPU.ActiveCfg = Debug|Any CPU
		{0C5C66E5-3702-4982-9238-C3D6B9515105}.DebugToConsole|Any CPU.Build.0 = Debug|Any CPU
		{0C5C66E5-3702-4982-9238-C3D6B9515105}.Release|Any CPU.ActiveCfg = Release|Any CPU
		{0C5C66E5-3702-4982-9238-C3D6B9515105}.Release|Any CPU.Build.0 = Release|Any CPU
		{DE738EC5-5DC1-4262-B64C-25124425BDB2}.Debug|Any CPU.ActiveCfg = Debug|Any CPU
		{DE738EC5-5DC1-4262-B64C-25124425BDB2}.Debug|Any CPU.Build.0 = Debug|Any CPU
		{DE738EC5-5DC1-4262-B64C-25124425BDB2}.DebugToConsole|Any CPU.ActiveCfg = Debug|Any CPU
		{DE738EC5-5DC1-4262-B64C-25124425BDB2}.DebugToConsole|Any CPU.Build.0 = Debug|Any CPU
		{DE738EC5-5DC1-4262-B64C-25124425BDB2}.Release|Any CPU.ActiveCfg = Release|Any CPU
		{DE738EC5-5DC1-4262-B64C-25124425BDB2}.Release|Any CPU.Build.0 = Release|Any CPU
		{2ED9583A-6C8B-4A78-8274-D563607701EB}.Debug|Any CPU.ActiveCfg = Debug|Any CPU
		{2ED9583A-6C8B-4A78-8274-D563607701EB}.Debug|Any CPU.Build.0 = Debug|Any CPU
		{2ED9583A-6C8B-4A78-8274-D563607701EB}.DebugToConsole|Any CPU.ActiveCfg = Debug|Any CPU
		{2ED9583A-6C8B-4A78-8274-D563607701EB}.DebugToConsole|Any CPU.Build.0 = Debug|Any CPU
		{2ED9583A-6C8B-4A78-8274-D563607701EB}.Release|Any CPU.ActiveCfg = Release|Any CPU
		{2ED9583A-6C8B-4A78-8274-D563607701EB}.Release|Any CPU.Build.0 = Release|Any CPU
	EndGlobalSection
	GlobalSection(SolutionProperties) = preSolution
		HideSolutionNode = FALSE
	EndGlobalSection
	GlobalSection(NestedProjects) = preSolution
		{DD0152A6-4891-4C34-832D-6926E3DDF395} = {E9BD9A05-3A21-4F58-B53E-79058EB0D3E1}
		{6B650277-B330-4FEF-B956-765698ABE8B3} = {E9BD9A05-3A21-4F58-B53E-79058EB0D3E1}
		{04845103-2C9D-48DD-9D87-09694F0DA0D9} = {3AF09C2D-A4A1-4AC7-8556-AD012F094A75}
		{73F2B743-FCDC-49FC-A87F-F44430098333} = {3AF09C2D-A4A1-4AC7-8556-AD012F094A75}
		{124AB335-EEAC-416F-B06B-80AD3CF56E38} = {C31C26B5-17A6-4776-BEB9-9C3254EC313F}
		{AD0BC559-E802-47CF-824F-C1E86100340A} = {C31C26B5-17A6-4776-BEB9-9C3254EC313F}
		{AD6A2681-1AF2-4927-87C7-61250138D6A9} = {3AF09C2D-A4A1-4AC7-8556-AD012F094A75}
		{AF0FEA87-EE22-4583-812A-BDC0064515DA} = {3AF09C2D-A4A1-4AC7-8556-AD012F094A75}
		{0C5C66E5-3702-4982-9238-C3D6B9515105} = {3AF09C2D-A4A1-4AC7-8556-AD012F094A75}
		{DE738EC5-5DC1-4262-B64C-25124425BDB2} = {C31C26B5-17A6-4776-BEB9-9C3254EC313F}
		{2ED9583A-6C8B-4A78-8274-D563607701EB} = {E9BD9A05-3A21-4F58-B53E-79058EB0D3E1}
	EndGlobalSection
	GlobalSection(ExtensibilityGlobals) = postSolution
		SolutionGuid = {E1D11872-B4FA-4F2E-AE42-F226CC13D991}
	EndGlobalSection
EndGlobal
